// !$*UTF8*$!
{
	archiveVersion = 1;
	classes = {
	};
	objectVersion = 56;
	objects = {

/* Begin PBXBuildFile section */
		B4430A492C61DB670011C2B3 /* Basic_KnowledgeApp.swift in Sources */ = {isa = PBXBuildFile; fileRef = B4430A482C61DB670011C2B3 /* Basic_KnowledgeApp.swift */; };
		B4430A4B2C61DB670011C2B3 /* ContentView.swift in Sources */ = {isa = PBXBuildFile; fileRef = B4430A4A2C61DB670011C2B3 /* ContentView.swift */; };
		B4430A4D2C61DB690011C2B3 /* Assets.xcassets in Resources */ = {isa = PBXBuildFile; fileRef = B4430A4C2C61DB690011C2B3 /* Assets.xcassets */; };
		B4430A502C61DB690011C2B3 /* Preview Assets.xcassets in Resources */ = {isa = PBXBuildFile; fileRef = B4430A4F2C61DB690011C2B3 /* Preview Assets.xcassets */; };
		B4430A5A2C61DB690011C2B3 /* Basic_KnowledgeTests.swift in Sources */ = {isa = PBXBuildFile; fileRef = B4430A592C61DB690011C2B3 /* Basic_KnowledgeTests.swift */; };
		B4430A642C61DB690011C2B3 /* Basic_KnowledgeUITests.swift in Sources */ = {isa = PBXBuildFile; fileRef = B4430A632C61DB690011C2B3 /* Basic_KnowledgeUITests.swift */; };
		B4430A662C61DB690011C2B3 /* Basic_KnowledgeUITestsLaunchTests.swift in Sources */ = {isa = PBXBuildFile; fileRef = B4430A652C61DB690011C2B3 /* Basic_KnowledgeUITestsLaunchTests.swift */; };
/* End PBXBuildFile section */

/* Begin PBXContainerItemProxy section */
		B4430A562C61DB690011C2B3 /* PBXContainerItemProxy */ = {
			isa = PBXContainerItemProxy;
			containerPortal = B4430A3D2C61DB670011C2B3 /* Project object */;
			proxyType = 1;
			remoteGlobalIDString = B4430A442C61DB670011C2B3;
			remoteInfo = Basic_Knowledge;
		};
		B4430A602C61DB690011C2B3 /* PBXContainerItemProxy */ = {
			isa = PBXContainerItemProxy;
			containerPortal = B4430A3D2C61DB670011C2B3 /* Project object */;
			proxyType = 1;
			remoteGlobalIDString = B4430A442C61DB670011C2B3;
			remoteInfo = Basic_Knowledge;
		};
/* End PBXContainerItemProxy section */

/* Begin PBXFileReference section */
		B4430A452C61DB670011C2B3 /* Basic_Knowledge.app */ = {isa = PBXFileReference; explicitFileType = wrapper.application; includeInIndex = 0; path = Basic_Knowledge.app; sourceTree = BUILT_PRODUCTS_DIR; };
		B4430A482C61DB670011C2B3 /* Basic_KnowledgeApp.swift */ = {isa = PBXFileReference; lastKnownFileType = sourcecode.swift; path = Basic_KnowledgeApp.swift; sourceTree = "<group>"; };
		B4430A4A2C61DB670011C2B3 /* ContentView.swift */ = {isa = PBXFileReference; lastKnownFileType = sourcecode.swift; path = ContentView.swift; sourceTree = "<group>"; };
		B4430A4C2C61DB690011C2B3 /* Assets.xcassets */ = {isa = PBXFileReference; lastKnownFileType = folder.assetcatalog; path = Assets.xcassets; sourceTree = "<group>"; };
		B4430A4F2C61DB690011C2B3 /* Preview Assets.xcassets */ = {isa = PBXFileReference; lastKnownFileType = folder.assetcatalog; path = "Preview Assets.xcassets"; sourceTree = "<group>"; };
		B4430A552C61DB690011C2B3 /* Basic_KnowledgeTests.xctest */ = {isa = PBXFileReference; explicitFileType = wrapper.cfbundle; includeInIndex = 0; path = Basic_KnowledgeTests.xctest; sourceTree = BUILT_PRODUCTS_DIR; };
		B4430A592C61DB690011C2B3 /* Basic_KnowledgeTests.swift */ = {isa = PBXFileReference; lastKnownFileType = sourcecode.swift; path = Basic_KnowledgeTests.swift; sourceTree = "<group>"; };
		B4430A5F2C61DB690011C2B3 /* Basic_KnowledgeUITests.xctest */ = {isa = PBXFileReference; explicitFileType = wrapper.cfbundle; includeInIndex = 0; path = Basic_KnowledgeUITests.xctest; sourceTree = BUILT_PRODUCTS_DIR; };
		B4430A632C61DB690011C2B3 /* Basic_KnowledgeUITests.swift */ = {isa = PBXFileReference; lastKnownFileType = sourcecode.swift; path = Basic_KnowledgeUITests.swift; sourceTree = "<group>"; };
		B4430A652C61DB690011C2B3 /* Basic_KnowledgeUITestsLaunchTests.swift */ = {isa = PBXFileReference; lastKnownFileType = sourcecode.swift; path = Basic_KnowledgeUITestsLaunchTests.swift; sourceTree = "<group>"; };
/* End PBXFileReference section */

/* Begin PBXFrameworksBuildPhase section */
		B4430A422C61DB670011C2B3 /* Frameworks */ = {
			isa = PBXFrameworksBuildPhase;
			buildActionMask = 2147483647;
			files = (
			);
			runOnlyForDeploymentPostprocessing = 0;
		};
		B4430A522C61DB690011C2B3 /* Frameworks */ = {
			isa = PBXFrameworksBuildPhase;
			buildActionMask = 2147483647;
			files = (
			);
			runOnlyForDeploymentPostprocessing = 0;
		};
		B4430A5C2C61DB690011C2B3 /* Frameworks */ = {
			isa = PBXFrameworksBuildPhase;
			buildActionMask = 2147483647;
			files = (
			);
			runOnlyForDeploymentPostprocessing = 0;
		};
/* End PBXFrameworksBuildPhase section */

/* Begin PBXGroup section */
		B4430A3C2C61DB670011C2B3 = {
			isa = PBXGroup;
			children = (
				B4430A472C61DB670011C2B3 /* Basic_Knowledge */,
				B4430A582C61DB690011C2B3 /* Basic_KnowledgeTests */,
				B4430A622C61DB690011C2B3 /* Basic_KnowledgeUITests */,
				B4430A462C61DB670011C2B3 /* Products */,
			);
			sourceTree = "<group>";
		};
		B4430A462C61DB670011C2B3 /* Products */ = {
			isa = PBXGroup;
			children = (
				B4430A452C61DB670011C2B3 /* Basic_Knowledge.app */,
				B4430A552C61DB690011C2B3 /* Basic_KnowledgeTests.xctest */,
				B4430A5F2C61DB690011C2B3 /* Basic_KnowledgeUITests.xctest */,
			);
			name = Products;
			sourceTree = "<group>";
		};
		B4430A472C61DB670011C2B3 /* Basic_Knowledge */ = {
			isa = PBXGroup;
			children = (
				B4430A482C61DB670011C2B3 /* Basic_KnowledgeApp.swift */,
				B4430A4A2C61DB670011C2B3 /* ContentView.swift */,
				B4430A4C2C61DB690011C2B3 /* Assets.xcassets */,
				B4430A4E2C61DB690011C2B3 /* Preview Content */,
			);
			path = Basic_Knowledge;
			sourceTree = "<group>";
		};
		B4430A4E2C61DB690011C2B3 /* Preview Content */ = {
			isa = PBXGroup;
			children = (
				B4430A4F2C61DB690011C2B3 /* Preview Assets.xcassets */,
			);
			path = "Preview Content";
			sourceTree = "<group>";
		};
		B4430A582C61DB690011C2B3 /* Basic_KnowledgeTests */ = {
			isa = PBXGroup;
			children = (
				B4430A592C61DB690011C2B3 /* Basic_KnowledgeTests.swift */,
			);
			path = Basic_KnowledgeTests;
			sourceTree = "<group>";
		};
		B4430A622C61DB690011C2B3 /* Basic_KnowledgeUITests */ = {
			isa = PBXGroup;
			children = (
				B4430A632C61DB690011C2B3 /* Basic_KnowledgeUITests.swift */,
				B4430A652C61DB690011C2B3 /* Basic_KnowledgeUITestsLaunchTests.swift */,
			);
			path = Basic_KnowledgeUITests;
			sourceTree = "<group>";
		};
/* End PBXGroup section */

/* Begin PBXNativeTarget section */
		B4430A442C61DB670011C2B3 /* Basic_Knowledge */ = {
			isa = PBXNativeTarget;
			buildConfigurationList = B4430A692C61DB690011C2B3 /* Build configuration list for PBXNativeTarget "Basic_Knowledge" */;
			buildPhases = (
				B4430A412C61DB670011C2B3 /* Sources */,
				B4430A422C61DB670011C2B3 /* Frameworks */,
				B4430A432C61DB670011C2B3 /* Resources */,
			);
			buildRules = (
			);
			dependencies = (
			);
			name = Basic_Knowledge;
			productName = Basic_Knowledge;
			productReference = B4430A452C61DB670011C2B3 /* Basic_Knowledge.app */;
			productType = "com.apple.product-type.application";
		};
		B4430A542C61DB690011C2B3 /* Basic_KnowledgeTests */ = {
			isa = PBXNativeTarget;
			buildConfigurationList = B4430A6C2C61DB690011C2B3 /* Build configuration list for PBXNativeTarget "Basic_KnowledgeTests" */;
			buildPhases = (
				B4430A512C61DB690011C2B3 /* Sources */,
				B4430A522C61DB690011C2B3 /* Frameworks */,
				B4430A532C61DB690011C2B3 /* Resources */,
			);
			buildRules = (
			);
			dependencies = (
				B4430A572C61DB690011C2B3 /* PBXTargetDependency */,
			);
			name = Basic_KnowledgeTests;
			productName = Basic_KnowledgeTests;
			productReference = B4430A552C61DB690011C2B3 /* Basic_KnowledgeTests.xctest */;
			productType = "com.apple.product-type.bundle.unit-test";
		};
		B4430A5E2C61DB690011C2B3 /* Basic_KnowledgeUITests */ = {
			isa = PBXNativeTarget;
			buildConfigurationList = B4430A6F2C61DB690011C2B3 /* Build configuration list for PBXNativeTarget "Basic_KnowledgeUITests" */;
			buildPhases = (
				B4430A5B2C61DB690011C2B3 /* Sources */,
				B4430A5C2C61DB690011C2B3 /* Frameworks */,
				B4430A5D2C61DB690011C2B3 /* Resources */,
			);
			buildRules = (
			);
			dependencies = (
				B4430A612C61DB690011C2B3 /* PBXTargetDependency */,
			);
			name = Basic_KnowledgeUITests;
			productName = Basic_KnowledgeUITests;
			productReference = B4430A5F2C61DB690011C2B3 /* Basic_KnowledgeUITests.xctest */;
			productType = "com.apple.product-type.bundle.ui-testing";
		};
/* End PBXNativeTarget section */

/* Begin PBXProject section */
		B4430A3D2C61DB670011C2B3 /* Project object */ = {
			isa = PBXProject;
			attributes = {
				BuildIndependentTargetsInParallel = 1;
				LastSwiftUpdateCheck = 1540;
				LastUpgradeCheck = 1540;
				TargetAttributes = {
					B4430A442C61DB670011C2B3 = {
						CreatedOnToolsVersion = 15.4;
					};
					B4430A542C61DB690011C2B3 = {
						CreatedOnToolsVersion = 15.4;
						TestTargetID = B4430A442C61DB670011C2B3;
					};
					B4430A5E2C61DB690011C2B3 = {
						CreatedOnToolsVersion = 15.4;
						TestTargetID = B4430A442C61DB670011C2B3;
					};
				};
			};
			buildConfigurationList = B4430A402C61DB670011C2B3 /* Build configuration list for PBXProject "Basic_Knowledge" */;
			compatibilityVersion = "Xcode 14.0";
			developmentRegion = en;
			hasScannedForEncodings = 0;
			knownRegions = (
				en,
				Base,
			);
			mainGroup = B4430A3C2C61DB670011C2B3;
			productRefGroup = B4430A462C61DB670011C2B3 /* Products */;
			projectDirPath = "";
			projectRoot = "";
			targets = (
				B4430A442C61DB670011C2B3 /* Basic_Knowledge */,
				B4430A542C61DB690011C2B3 /* Basic_KnowledgeTests */,
				B4430A5E2C61DB690011C2B3 /* Basic_KnowledgeUITests */,
			);
		};
/* End PBXProject section */

/* Begin PBXResourcesBuildPhase section */
		B4430A432C61DB670011C2B3 /* Resources */ = {
			isa = PBXResourcesBuildPhase;
			buildActionMask = 2147483647;
			files = (
				B4430A502C61DB690011C2B3 /* Preview Assets.xcassets in Resources */,
				B4430A4D2C61DB690011C2B3 /* Assets.xcassets in Resources */,
			);
			runOnlyForDeploymentPostprocessing = 0;
		};
		B4430A532C61DB690011C2B3 /* Resources */ = {
			isa = PBXResourcesBuildPhase;
			buildActionMask = 2147483647;
			files = (
			);
			runOnlyForDeploymentPostprocessing = 0;
		};
		B4430A5D2C61DB690011C2B3 /* Resources */ = {
			isa = PBXResourcesBuildPhase;
			buildActionMask = 2147483647;
			files = (
			);
			runOnlyForDeploymentPostprocessing = 0;
		};
/* End PBXResourcesBuildPhase section */

/* Begin PBXSourcesBuildPhase section */
		B4430A412C61DB670011C2B3 /* Sources */ = {
			isa = PBXSourcesBuildPhase;
			buildActionMask = 2147483647;
			files = (
				B4430A4B2C61DB670011C2B3 /* ContentView.swift in Sources */,
				B4430A492C61DB670011C2B3 /* Basic_KnowledgeApp.swift in Sources */,
			);
			runOnlyForDeploymentPostprocessing = 0;
		};
		B4430A512C61DB690011C2B3 /* Sources */ = {
			isa = PBXSourcesBuildPhase;
			buildActionMask = 2147483647;
			files = (
				B4430A5A2C61DB690011C2B3 /* Basic_KnowledgeTests.swift in Sources */,
			);
			runOnlyForDeploymentPostprocessing = 0;
		};
		B4430A5B2C61DB690011C2B3 /* Sources */ = {
			isa = PBXSourcesBuildPhase;
			buildActionMask = 2147483647;
			files = (
				B4430A662C61DB690011C2B3 /* Basic_KnowledgeUITestsLaunchTests.swift in Sources */,
				B4430A642C61DB690011C2B3 /* Basic_KnowledgeUITests.swift in Sources */,
			);
			runOnlyForDeploymentPostprocessing = 0;
		};
/* End PBXSourcesBuildPhase section */

/* Begin PBXTargetDependency section */
		B4430A572C61DB690011C2B3 /* PBXTargetDependency */ = {
			isa = PBXTargetDependency;
			target = B4430A442C61DB670011C2B3 /* Basic_Knowledge */;
			targetProxy = B4430A562C61DB690011C2B3 /* PBXContainerItemProxy */;
		};
		B4430A612C61DB690011C2B3 /* PBXTargetDependency */ = {
			isa = PBXTargetDependency;
			target = B4430A442C61DB670011C2B3 /* Basic_Knowledge */;
			targetProxy = B4430A602C61DB690011C2B3 /* PBXContainerItemProxy */;
		};
/* End PBXTargetDependency section */

/* Begin XCBuildConfiguration section */
		B4430A672C61DB690011C2B3 /* Debug */ = {
			isa = XCBuildConfiguration;
			buildSettings = {
				ALWAYS_SEARCH_USER_PATHS = NO;
				ASSETCATALOG_COMPILER_GENERATE_SWIFT_ASSET_SYMBOL_EXTENSIONS = YES;
				CLANG_ANALYZER_NONNULL = YES;
				CLANG_ANALYZER_NUMBER_OBJECT_CONVERSION = YES_AGGRESSIVE;
				CLANG_CXX_LANGUAGE_STANDARD = "gnu++20";
				CLANG_ENABLE_MODULES = YES;
				CLANG_ENABLE_OBJC_ARC = YES;
				CLANG_ENABLE_OBJC_WEAK = YES;
				CLANG_WARN_BLOCK_CAPTURE_AUTORELEASING = YES;
				CLANG_WARN_BOOL_CONVERSION = YES;
				CLANG_WARN_COMMA = YES;
				CLANG_WARN_CONSTANT_CONVERSION = YES;
				CLANG_WARN_DEPRECATED_OBJC_IMPLEMENTATIONS = YES;
				CLANG_WARN_DIRECT_OBJC_ISA_USAGE = YES_ERROR;
				CLANG_WARN_DOCUMENTATION_COMMENTS = YES;
				CLANG_WARN_EMPTY_BODY = YES;
				CLANG_WARN_ENUM_CONVERSION = YES;
				CLANG_WARN_INFINITE_RECURSION = YES;
				CLANG_WARN_INT_CONVERSION = YES;
				CLANG_WARN_NON_LITERAL_NULL_CONVERSION = YES;
				CLANG_WARN_OBJC_IMPLICIT_RETAIN_SELF = YES;
				CLANG_WARN_OBJC_LITERAL_CONVERSION = YES;
				CLANG_WARN_OBJC_ROOT_CLASS = YES_ERROR;
				CLANG_WARN_QUOTED_INCLUDE_IN_FRAMEWORK_HEADER = YES;
				CLANG_WARN_RANGE_LOOP_ANALYSIS = YES;
				CLANG_WARN_STRICT_PROTOTYPES = YES;
				CLANG_WARN_SUSPICIOUS_MOVE = YES;
				CLANG_WARN_UNGUARDED_AVAILABILITY = YES_AGGRESSIVE;
				CLANG_WARN_UNREACHABLE_CODE = YES;
				CLANG_WARN__DUPLICATE_METHOD_MATCH = YES;
				COPY_PHASE_STRIP = NO;
				DEBUG_INFORMATION_FORMAT = dwarf;
				ENABLE_STRICT_OBJC_MSGSEND = YES;
				ENABLE_TESTABILITY = YES;
				ENABLE_USER_SCRIPT_SANDBOXING = YES;
				GCC_C_LANGUAGE_STANDARD = gnu17;
				GCC_DYNAMIC_NO_PIC = NO;
				GCC_NO_COMMON_BLOCKS = YES;
				GCC_OPTIMIZATION_LEVEL = 0;
				GCC_PREPROCESSOR_DEFINITIONS = (
					"DEBUG=1",
					"$(inherited)",
				);
				GCC_WARN_64_TO_32_BIT_CONVERSION = YES;
				GCC_WARN_ABOUT_RETURN_TYPE = YES_ERROR;
				GCC_WARN_UNDECLARED_SELECTOR = YES;
				GCC_WARN_UNINITIALIZED_AUTOS = YES_AGGRESSIVE;
				GCC_WARN_UNUSED_FUNCTION = YES;
				GCC_WARN_UNUSED_VARIABLE = YES;
				IPHONEOS_DEPLOYMENT_TARGET = 17.5;
				LOCALIZATION_PREFERS_STRING_CATALOGS = YES;
				MTL_ENABLE_DEBUG_INFO = INCLUDE_SOURCE;
				MTL_FAST_MATH = YES;
				ONLY_ACTIVE_ARCH = YES;
				SDKROOT = iphoneos;
				SWIFT_ACTIVE_COMPILATION_CONDITIONS = "DEBUG $(inherited)";
				SWIFT_OPTIMIZATION_LEVEL = "-Onone";
			};
			name = Debug;
		};
		B4430A682C61DB690011C2B3 /* Release */ = {
			isa = XCBuildConfiguration;
			buildSettings = {
				ALWAYS_SEARCH_USER_PATHS = NO;
				ASSETCATALOG_COMPILER_GENERATE_SWIFT_ASSET_SYMBOL_EXTENSIONS = YES;
				CLANG_ANALYZER_NONNULL = YES;
				CLANG_ANALYZER_NUMBER_OBJECT_CONVERSION = YES_AGGRESSIVE;
				CLANG_CXX_LANGUAGE_STANDARD = "gnu++20";
				CLANG_ENABLE_MODULES = YES;
				CLANG_ENABLE_OBJC_ARC = YES;
				CLANG_ENABLE_OBJC_WEAK = YES;
				CLANG_WARN_BLOCK_CAPTURE_AUTORELEASING = YES;
				CLANG_WARN_BOOL_CONVERSION = YES;
				CLANG_WARN_COMMA = YES;
				CLANG_WARN_CONSTANT_CONVERSION = YES;
				CLANG_WARN_DEPRECATED_OBJC_IMPLEMENTATIONS = YES;
				CLANG_WARN_DIRECT_OBJC_ISA_USAGE = YES_ERROR;
				CLANG_WARN_DOCUMENTATION_COMMENTS = YES;
				CLANG_WARN_EMPTY_BODY = YES;
				CLANG_WARN_ENUM_CONVERSION = YES;
				CLANG_WARN_INFINITE_RECURSION = YES;
				CLANG_WARN_INT_CONVERSION = YES;
				CLANG_WARN_NON_LITERAL_NULL_CONVERSION = YES;
				CLANG_WARN_OBJC_IMPLICIT_RETAIN_SELF = YES;
				CLANG_WARN_OBJC_LITERAL_CONVERSION = YES;
				CLANG_WARN_OBJC_ROOT_CLASS = YES_ERROR;
				CLANG_WARN_QUOTED_INCLUDE_IN_FRAMEWORK_HEADER = YES;
				CLANG_WARN_RANGE_LOOP_ANALYSIS = YES;
				CLANG_WARN_STRICT_PROTOTYPES = YES;
				CLANG_WARN_SUSPICIOUS_MOVE = YES;
				CLANG_WARN_UNGUARDED_AVAILABILITY = YES_AGGRESSIVE;
				CLANG_WARN_UNREACHABLE_CODE = YES;
				CLANG_WARN__DUPLICATE_METHOD_MATCH = YES;
				COPY_PHASE_STRIP = NO;
				DEBUG_INFORMATION_FORMAT = "dwarf-with-dsym";
				ENABLE_NS_ASSERTIONS = NO;
				ENABLE_STRICT_OBJC_MSGSEND = YES;
				ENABLE_USER_SCRIPT_SANDBOXING = YES;
				GCC_C_LANGUAGE_STANDARD = gnu17;
				GCC_NO_COMMON_BLOCKS = YES;
				GCC_WARN_64_TO_32_BIT_CONVERSION = YES;
				GCC_WARN_ABOUT_RETURN_TYPE = YES_ERROR;
				GCC_WARN_UNDECLARED_SELECTOR = YES;
				GCC_WARN_UNINITIALIZED_AUTOS = YES_AGGRESSIVE;
				GCC_WARN_UNUSED_FUNCTION = YES;
				GCC_WARN_UNUSED_VARIABLE = YES;
				IPHONEOS_DEPLOYMENT_TARGET = 17.5;
				LOCALIZATION_PREFERS_STRING_CATALOGS = YES;
				MTL_ENABLE_DEBUG_INFO = NO;
				MTL_FAST_MATH = YES;
				SDKROOT = iphoneos;
				SWIFT_COMPILATION_MODE = wholemodule;
				VALIDATE_PRODUCT = YES;
			};
			name = Release;
		};
		B4430A6A2C61DB690011C2B3 /* Debug */ = {
			isa = XCBuildConfiguration;
			buildSettings = {
				ASSETCATALOG_COMPILER_APPICON_NAME = AppIcon;
				ASSETCATALOG_COMPILER_GLOBAL_ACCENT_COLOR_NAME = AccentColor;
				CODE_SIGN_STYLE = Automatic;
				CURRENT_PROJECT_VERSION = 1;
				DEVELOPMENT_ASSET_PATHS = "\"Basic_Knowledge/Preview Content\"";
				ENABLE_PREVIEWS = YES;
				GENERATE_INFOPLIST_FILE = YES;
				INFOPLIST_KEY_UIApplicationSceneManifest_Generation = YES;
				INFOPLIST_KEY_UIApplicationSupportsIndirectInputEvents = YES;
				INFOPLIST_KEY_UILaunchScreen_Generation = YES;
				INFOPLIST_KEY_UISupportedInterfaceOrientations_iPad = "UIInterfaceOrientationPortrait UIInterfaceOrientationPortraitUpsideDown UIInterfaceOrientationLandscapeLeft UIInterfaceOrientationLandscapeRight";
				INFOPLIST_KEY_UISupportedInterfaceOrientations_iPhone = "UIInterfaceOrientationPortrait UIInterfaceOrientationLandscapeLeft UIInterfaceOrientationLandscapeRight";
				LD_RUNPATH_SEARCH_PATHS = (
					"$(inherited)",
					"@executable_path/Frameworks",
				);
				MARKETING_VERSION = 1.0;
				PRODUCT_BUNDLE_IDENTIFIER = "Basic-knowladge.Basic-Knowledge";
				PRODUCT_NAME = "$(TARGET_NAME)";
				SWIFT_EMIT_LOC_STRINGS = YES;
				SWIFT_VERSION = 5.0;
				TARGETED_DEVICE_FAMILY = "1,2";
			};
			name = Debug;
		};
		B4430A6B2C61DB690011C2B3 /* Release */ = {
			isa = XCBuildConfiguration;
			buildSettings = {
				ASSETCATALOG_COMPILER_APPICON_NAME = AppIcon;
				ASSETCATALOG_COMPILER_GLOBAL_ACCENT_COLOR_NAME = AccentColor;
				CODE_SIGN_STYLE = Automatic;
				CURRENT_PROJECT_VERSION = 1;
				DEVELOPMENT_ASSET_PATHS = "\"Basic_Knowledge/Preview Content\"";
				ENABLE_PREVIEWS = YES;
				GENERATE_INFOPLIST_FILE = YES;
				INFOPLIST_KEY_UIApplicationSceneManifest_Generation = YES;
				INFOPLIST_KEY_UIApplicationSupportsIndirectInputEvents = YES;
				INFOPLIST_KEY_UILaunchScreen_Generation = YES;
				INFOPLIST_KEY_UISupportedInterfaceOrientations_iPad = "UIInterfaceOrientationPortrait UIInterfaceOrientationPortraitUpsideDown UIInterfaceOrientationLandscapeLeft UIInterfaceOrientationLandscapeRight";
				INFOPLIST_KEY_UISupportedInterfaceOrientations_iPhone = "UIInterfaceOrientationPortrait UIInterfaceOrientationLandscapeLeft UIInterfaceOrientationLandscapeRight";
				LD_RUNPATH_SEARCH_PATHS = (
					"$(inherited)",
					"@executable_path/Frameworks",
				);
				MARKETING_VERSION = 1.0;
				PRODUCT_BUNDLE_IDENTIFIER = "Basic-knowladge.Basic-Knowledge";
				PRODUCT_NAME = "$(TARGET_NAME)";
				SWIFT_EMIT_LOC_STRINGS = YES;
				SWIFT_VERSION = 5.0;
				TARGETED_DEVICE_FAMILY = "1,2";
			};
			name = Release;
		};
		B4430A6D2C61DB690011C2B3 /* Debug */ = {
			isa = XCBuildConfiguration;
			buildSettings = {
				ALWAYS_EMBED_SWIFT_STANDARD_LIBRARIES = YES;
				BUNDLE_LOADER = "$(TEST_HOST)";
				CODE_SIGN_STYLE = Automatic;
				CURRENT_PROJECT_VERSION = 1;
				GENERATE_INFOPLIST_FILE = YES;
				IPHONEOS_DEPLOYMENT_TARGET = 17.5;
				MARKETING_VERSION = 1.0;
				PRODUCT_BUNDLE_IDENTIFIER = "Basic-knowladge.Basic-KnowledgeTests";
				PRODUCT_NAME = "$(TARGET_NAME)";
				SWIFT_EMIT_LOC_STRINGS = NO;
				SWIFT_VERSION = 5.0;
				TARGETED_DEVICE_FAMILY = "1,2";
				TEST_HOST = "$(BUILT_PRODUCTS_DIR)/Basic_Knowledge.app/$(BUNDLE_EXECUTABLE_FOLDER_PATH)/Basic_Knowledge";
			};
			name = Debug;
		};
		B4430A6E2C61DB690011C2B3 /* Release */ = {
			isa = XCBuildConfiguration;
			buildSettings = {
				ALWAYS_EMBED_SWIFT_STANDARD_LIBRARIES = YES;
				BUNDLE_LOADER = "$(TEST_HOST)";
				CODE_SIGN_STYLE = Automatic;
				CURRENT_PROJECT_VERSION = 1;
				GENERATE_INFOPLIST_FILE = YES;
				IPHONEOS_DEPLOYMENT_TARGET = 17.5;
				MARKETING_VERSION = 1.0;
				PRODUCT_BUNDLE_IDENTIFIER = "Basic-knowladge.Basic-KnowledgeTests";
				PRODUCT_NAME = "$(TARGET_NAME)";
				SWIFT_EMIT_LOC_STRINGS = NO;
				SWIFT_VERSION = 5.0;
				TARGETED_DEVICE_FAMILY = "1,2";
				TEST_HOST = "$(BUILT_PRODUCTS_DIR)/Basic_Knowledge.app/$(BUNDLE_EXECUTABLE_FOLDER_PATH)/Basic_Knowledge";
			};
			name = Release;
		};
		B4430A702C61DB690011C2B3 /* Debug */ = {
			isa = XCBuildConfiguration;
			buildSettings = {
				ALWAYS_EMBED_SWIFT_STANDARD_LIBRARIES = YES;
				CODE_SIGN_STYLE = Automatic;
				CURRENT_PROJECT_VERSION = 1;
				GENERATE_INFOPLIST_FILE = YES;
				MARKETING_VERSION = 1.0;
				PRODUCT_BUNDLE_IDENTIFIER = "Basic-knowladge.Basic-KnowledgeUITests";
				PRODUCT_NAME = "$(TARGET_NAME)";
				SWIFT_EMIT_LOC_STRINGS = NO;
				SWIFT_VERSION = 5.0;
				TARGETED_DEVICE_FAMILY = "1,2";
				TEST_TARGET_NAME = Basic_Knowledge;
			};
			name = Debug;
		};
		B4430A712C61DB690011C2B3 /* Release */ = {
			isa = XCBuildConfiguration;
			buildSettings = {
				ALWAYS_EMBED_SWIFT_STANDARD_LIBRARIES = YES;
				CODE_SIGN_STYLE = Automatic;
				CURRENT_PROJECT_VERSION = 1;
				GENERATE_INFOPLIST_FILE = YES;
				MARKETING_VERSION = 1.0;
				PRODUCT_BUNDLE_IDENTIFIER = "Basic-knowladge.Basic-KnowledgeUITests";
				PRODUCT_NAME = "$(TARGET_NAME)";
				SWIFT_EMIT_LOC_STRINGS = NO;
				SWIFT_VERSION = 5.0;
				TARGETED_DEVICE_FAMILY = "1,2";
				TEST_TARGET_NAME = Basic_Knowledge;
			};
			name = Release;
		};
/* End XCBuildConfiguration section */

/* Begin XCConfigurationList section */
		B4430A402C61DB670011C2B3 /* Build configuration list for PBXProject "Basic_Knowledge" */ = {
			isa = XCConfigurationList;
			buildConfigurations = (
				B4430A672C61DB690011C2B3 /* Debug */,
				B4430A682C61DB690011C2B3 /* Release */,
			);
			defaultConfigurationIsVisible = 0;
			defaultConfigurationName = Release;
		};
		B4430A692C61DB690011C2B3 /* Build configuration list for PBXNativeTarget "Basic_Knowledge" */ = {
			isa = XCConfigurationList;
			buildConfigurations = (
				B4430A6A2C61DB690011C2B3 /* Debug */,
				B4430A6B2C61DB690011C2B3 /* Release */,
			);
			defaultConfigurationIsVisible = 0;
			defaultConfigurationName = Release;
		};
		B4430A6C2C61DB690011C2B3 /* Build configuration list for PBXNativeTarget "Basic_KnowledgeTests" */ = {
			isa = XCConfigurationList;
			buildConfigurations = (
				B4430A6D2C61DB690011C2B3 /* Debug */,
				B4430A6E2C61DB690011C2B3 /* Release */,
			);
			defaultConfigurationIsVisible = 0;
			defaultConfigurationName = Release;
		};
		B4430A6F2C61DB690011C2B3 /* Build configuration list for PBXNativeTarget "Basic_KnowledgeUITests" */ = {
			isa = XCConfigurationList;
			buildConfigurations = (
				B4430A702C61DB690011C2B3 /* Debug */,
				B4430A712C61DB690011C2B3 /* Release */,
			);
			defaultConfigurationIsVisible = 0;
			defaultConfigurationName = Release;
		};
/* End XCConfigurationList section */
	};
	rootObject = B4430A3D2C61DB670011C2B3 /* Project object */;
}
